<?xml version="1.0" encoding="utf-8"?>
<Project ToolsVersion="4.0" xmlns="http://schemas.microsoft.com/developer/msbuild/2003">
  <ItemGroup>
    <ClCompile Include="Element.cpp" />
    <ClCompile Include="General.cpp" />
    <ClCompile Include="Material.cpp" />
    <ClCompile Include="Node.cpp" />
    <ClCompile Include="Section.cpp" />
    <ClCompile Include="stdafx.cpp" />
    <ClCompile Include="PyInterface.cpp" />
    <ClCompile Include="HollowSlab.cpp" />
    <ClCompile Include="control.cpp" />
    <ClCompile Include="Boundary.cpp" />
    <ClCompile Include="Stage.cpp" />
    <ClCompile Include="Load.cpp" />
    <ClCompile Include="Post.cpp" />
    <ClCompile Include="Live.cpp" />
  </ItemGroup>
  <ItemGroup>
    <ClInclude Include="PyInterface.h" />
    <ClInclude Include="stdafx.h" />
  </ItemGroup>
  <ItemGroup>
    <None Include="PyInterface.pyi" />
    <None Include="set_python_env.bat" />
  </ItemGroup>
</Project>